<?xml version="1.0" encoding="utf-8"?>
<Project ToolsVersion="4.0" xmlns="http://schemas.microsoft.com/developer/msbuild/2003">
  <ItemGroup>
    <Filter Include="Source Files">
      <UniqueIdentifier>{4FC737F1-C7A5-4376-A066-2A32D752A2FF}</UniqueIdentifier>
      <Extensions>cpp;c;cc;cxx;c++;cppm;ixx;def;odl;idl;hpj;bat;asm;asmx</Extensions>
    </Filter>
    <Filter Include="Header Files">
      <UniqueIdentifier>{93995380-89BD-4b04-88EB-625FBE52EBFB}</UniqueIdentifier>
      <Extensions>h;hh;hpp;hxx;h++;hm;inl;inc;ipp;xsd</Extensions>
    </Filter>
    <Filter Include="Resource Files">
      <UniqueIdentifier>{67DA6AB6-F800-4c08-8B7A-83BB121AAD01}</UniqueIdentifier>
      <Extensions>rc;ico;cur;bmp;dlg;rc2;rct;bin;rgs;gif;jpg;jpeg;jpe;resx;tiff;tif;png;wav;mfcribbon-ms</Extensions>
    </Filter>
    <Filter Include="Header Files\Game">
      <UniqueIdentifier>{0af4b7ad-c017-4191-9f7c-fea5d2f4df37}</UniqueIdentifier>
    </Filter>
    <Filter Include="Source Files\Game">
      <UniqueIdentifier>{b08b91ac-41b8-434a-a9ad-44d4ef5d7c6b}</UniqueIdentifier>
    </Filter>
    <Filter Include="Header Files\Game\Player">
      <UniqueIdentifier>{aea4e789-2606-4a31-be62-d8c9437c7a23}</UniqueIdentifier>
    </Filter>
    <Filter Include="Source Files\Game\Player">
      <UniqueIdentifier>{b1f47717-0e52-4a8d-8547-174186e5bd7f}</UniqueIdentifier>
    </Filter>
    <Filter Include="Header Files\Utils">
      <UniqueIdentifier>{bb76c1d1-580d-48ef-a714-5ef542b820a1}</UniqueIdentifier>
    </Filter>
    <Filter Include="Source Files\Utils">
      <UniqueIdentifier>{9e0fe056-7bf8-4882-b1e0-a85e78dbe9ed}</UniqueIdentifier>
    </Filter>
    <Filter Include="Source Files\Game\Environment">
      <UniqueIdentifier>{bbed2e90-df0a-4c6c-ac9a-0d571b4cf90f}</UniqueIdentifier>
    </Filter>
    <Filter Include="Header Files\Game\Environment">
      <UniqueIdentifier>{eedb5019-91cb-48a5-b2b3-2eec156c8a5a}</UniqueIdentifier>
    </Filter>
    <Filter Include="Header Files\Game\Scene">
      <UniqueIdentifier>{00cba9ab-1afb-42d9-b9d5-44068fc085ba}</UniqueIdentifier>
    </Filter>
    <Filter Include="Source Files\Game\Scene">
      <UniqueIdentifier>{832b943c-8d30-4fe9-9f40-b0fe7827392c}</UniqueIdentifier>
    </Filter>
    <Filter Include="Library Files">
      <UniqueIdentifier>{6623137f-f328-4f44-bd71-f37459752c7d}</UniqueIdentifier>
    </Filter>
    <Filter Include="Library Files\ImGui">
      <UniqueIdentifier>{b59d2ceb-c115-4a9f-a406-9e258d503177}</UniqueIdentifier>
    </Filter>
    <Filter Include="Library Files\ImGui\backend">
      <UniqueIdentifier>{fb80dfe2-b9dc-41b9-9605-4f06d53d966c}</UniqueIdentifier>
    </Filter>
    <Filter Include="Header Files\Editor">
      <UniqueIdentifier>{18f0770a-a63d-4ba8-a625-e715adc39b6d}</UniqueIdentifier>
    </Filter>
    <Filter Include="Source Files\Editor">
      <UniqueIdentifier>{33977299-7197-4a11-bb84-d0f22fece88a}</UniqueIdentifier>
    </Filter>
    <Filter Include="Source Files\Game\enemy">
      <UniqueIdentifier>{f26eff54-ceb2-4675-b745-db5d564a6e8a}</UniqueIdentifier>
    </Filter>
    <Filter Include="Header Files\Game\enemy">
      <UniqueIdentifier>{d0aa3d34-5fc9-4bb9-96f6-adb14b2d37e8}</UniqueIdentifier>
    </Filter>
  </ItemGroup>
  <ItemGroup>
    <ClCompile Include="Source\Main.cpp">
      <Filter>Source Files</Filter>
    </ClCompile>
    <ClCompile Include="Source\Game\Player\PlayerStats.cpp">
      <Filter>Source Files\Game\Player</Filter>
    </ClCompile>
    <ClCompile Include="Source\Game\Player\Player.cpp">
      <Filter>Source Files\Game\Player</Filter>
    </ClCompile>
    <ClCompile Include="Source\Utils\Sprite.cpp">
      <Filter>Source Files\Utils</Filter>
    </ClCompile>
    <ClCompile Include="Source\Utils\MeshGenerator.cpp">
      <Filter>Source Files\Utils</Filter>
    </ClCompile>
    <ClCompile Include="Source\Utils\SpriteMetadata.cpp">
      <Filter>Source Files\Utils</Filter>
    </ClCompile>
    <ClCompile Include="Source\Utils\FileHelper.cpp">
      <Filter>Source Files\Utils</Filter>
    </ClCompile>
    <ClCompile Include="Source\Game\Camera.cpp">
      <Filter>Source Files\Game</Filter>
    </ClCompile>
    <ClCompile Include="Source\Utils\QuickGraphics.cpp">
      <Filter>Source Files\Utils</Filter>
    </ClCompile>
    <ClCompile Include="Source\Game\Timer.cpp">
      <Filter>Source Files\Game</Filter>
    </ClCompile>
    <ClCompile Include="Source\Game\Environment\MapGrid.cpp">
      <Filter>Source Files\Game\Environment</Filter>
    </ClCompile>
    <ClCompile Include="Source\Utils\AEExtras.cpp">
      <Filter>Source Files\Utils</Filter>
    </ClCompile>
    <ClCompile Include="Saves\SaveData.cpp">
      <Filter>Source Files</Filter>
    </ClCompile>
    <ClCompile Include="Saves\SaveSystem.cpp">
      <Filter>Source Files</Filter>
    </ClCompile>
    <ClCompile Include="Source\Game\UI.cpp">
      <Filter>Source Files\Game</Filter>
    </ClCompile>
    <ClCompile Include="traps.cpp">
      <Filter>Source Files\Game\Environment</Filter>
    </ClCompile>
    <ClCompile Include="Source\Utils\ObjectPool.cpp">
      <Filter>Source Files\Utils</Filter>
    </ClCompile>
    <ClCompile Include="Source\Utils\ParticleSystem.cpp">
      <Filter>Source Files\Utils</Filter>
    </ClCompile>
    <ClCompile Include="Source\Utils\Vec2Int.cpp">
      <Filter>Source Files\Utils</Filter>
    </ClCompile>
    <ClCompile Include="Source\Game\Environment\MapTile.cpp">
      <Filter>Source Files\Game\Environment</Filter>
    </ClCompile>
    <ClCompile Include="Source\Game\Scene\GSM.cpp">
      <Filter>Source Files\Game\Scene</Filter>
    </ClCompile>
    <ClCompile Include="Source\Game\Scene\GameScene.cpp">
      <Filter>Source Files\Game\Scene</Filter>
    </ClCompile>
    <ClCompile Include="Source\Game\Scene\MainMenuScene.cpp">
      <Filter>Source Files\Game\Scene</Filter>
    </ClCompile>
    <ClCompile Include="..\Extern\imgui\include\imgui.cpp">
      <Filter>Library Files\ImGui</Filter>
    </ClCompile>
    <ClCompile Include="..\Extern\imgui\include\imgui_demo.cpp">
      <Filter>Library Files\ImGui</Filter>
    </ClCompile>
    <ClCompile Include="..\Extern\imgui\include\imgui_draw.cpp">
      <Filter>Library Files\ImGui</Filter>
    </ClCompile>
    <ClCompile Include="..\Extern\imgui\include\imgui_tables.cpp">
      <Filter>Library Files\ImGui</Filter>
    </ClCompile>
    <ClCompile Include="..\Extern\imgui\include\imgui_widgets.cpp">
      <Filter>Library Files\ImGui</Filter>
    </ClCompile>
    <ClCompile Include="..\Extern\imgui\include\backends\imgui_impl_opengl3.cpp">
      <Filter>Library Files\ImGui\backend</Filter>
    </ClCompile>
    <ClCompile Include="..\Extern\imgui\include\backends\imgui_impl_win32.cpp">
      <Filter>Library Files\ImGui\backend</Filter>
    </ClCompile>
    <ClCompile Include="Source\Editor\Editor.cpp">
      <Filter>Source Files\Editor</Filter>
    </ClCompile>
    <ClCompile Include="Source\Editor\EditorUtils.cpp">
      <Filter>Source Files\Editor</Filter>
    </ClCompile>
    <ClCompile Include="Source\Editor\ImGuiHelper.cpp">
      <Filter>Source Files\Editor</Filter>
    </ClCompile>
    <ClCompile Include="Source\Game\enemy\EnemyBoss.cpp">
      <Filter>Source Files\Game\enemy</Filter>
    </ClCompile>
    <ClCompile Include="Source\Game\Time.cpp">
      <Filter>Source Files</Filter>
    </ClCompile>
    <ClCompile Include="Source\Game\BuffCards.cpp">
      <Filter>Source Files\Game</Filter>
    </ClCompile>
    <ClCompile Include="Source\Game\enemy\Enemy.cpp">
      <Filter>Source Files\Game\enemy</Filter>
    </ClCompile>
  </ItemGroup>
  <ItemGroup>
    <ClInclude Include="Source\Game\Player\PlayerStats.h">
      <Filter>Header Files\Game\Player</Filter>
    </ClInclude>
    <ClInclude Include="Source\Game\Player\Player.h">
      <Filter>Header Files\Game\Player</Filter>
    </ClInclude>
    <ClInclude Include="Source\Utils\Sprite.h">
      <Filter>Header Files\Utils</Filter>
    </ClInclude>
    <ClInclude Include="Source\Utils\MeshGenerator.h">
      <Filter>Header Files\Utils</Filter>
    </ClInclude>
    <ClInclude Include="Source\Utils\SpriteMetadata.h">
      <Filter>Header Files\Utils</Filter>
    </ClInclude>
    <ClInclude Include="Source\Utils\FileHelper.h">
      <Filter>Header Files\Utils</Filter>
    </ClInclude>
    <ClInclude Include="Source\Game\Camera.h">
      <Filter>Header Files\Game</Filter>
    </ClInclude>
    <ClInclude Include="Source\Utils\Easing.h">
      <Filter>Header Files\Utils</Filter>
    </ClInclude>
    <ClInclude Include="Source\Utils\QuickGraphics.h">
      <Filter>Header Files\Utils</Filter>
    </ClInclude>
    <ClInclude Include="Source\Game\Timer.h">
      <Filter>Header Files\Game</Filter>
    </ClInclude>
    <ClInclude Include="Source\Game\Environment\MapGrid.h">
      <Filter>Header Files\Game\Environment</Filter>
    </ClInclude>
    <ClInclude Include="Source\Utils\AEExtras.h">
      <Filter>Header Files\Utils</Filter>
    </ClInclude>
    <ClInclude Include="Source\Utils\Box.h">
      <Filter>Header Files\Utils</Filter>
    </ClInclude>
    <ClInclude Include="Saves\SaveData.h">
      <Filter>Header Files</Filter>
    </ClInclude>
    <ClInclude Include="Saves\SaveSystem.h">
      <Filter>Header Files</Filter>
    </ClInclude>
    <ClInclude Include="Source\Game\UI.h">
      <Filter>Header Files\Game</Filter>
    </ClInclude>
    <ClInclude Include="Source\Utils\ObjectPool.h">
      <Filter>Header Files\Utils</Filter>
    </ClInclude>
    <ClInclude Include="Source\Utils\ParticleSystem.h">
      <Filter>Header Files\Utils</Filter>
    </ClInclude>
    <ClInclude Include="Source\Game\Environment\MapTile.h">
      <Filter>Header Files\Game\Environment</Filter>
    </ClInclude>
    <ClInclude Include="Source\Utils\Vec2Int.h">
      <Filter>Header Files\Utils</Filter>
    </ClInclude>
    <ClInclude Include="Source\Game\Scene\GSM.h">
      <Filter>Header Files\Game\Scene</Filter>
    </ClInclude>
    <ClInclude Include="Source\Game\Scene\GameScene.h">
      <Filter>Header Files\Game\Scene</Filter>
    </ClInclude>
    <ClInclude Include="Source\Game\Scene\MainMenuScene.h">
      <Filter>Header Files\Game\Scene</Filter>
    </ClInclude>
    <ClInclude Include="traps.h">
      <Filter>Header Files\Game\Environment</Filter>
    </ClInclude>
    <ClInclude Include="..\Extern\imgui\include\imconfig.h">
      <Filter>Library Files\ImGui</Filter>
    </ClInclude>
    <ClInclude Include="..\Extern\imgui\include\imgui.h">
      <Filter>Library Files\ImGui</Filter>
    </ClInclude>
    <ClInclude Include="..\Extern\imgui\include\imgui_internal.h">
      <Filter>Library Files\ImGui</Filter>
    </ClInclude>
    <ClInclude Include="..\Extern\imgui\include\imstb_rectpack.h">
      <Filter>Library Files\ImGui</Filter>
    </ClInclude>
    <ClInclude Include="..\Extern\imgui\include\imstb_textedit.h">
      <Filter>Library Files\ImGui</Filter>
    </ClInclude>
    <ClInclude Include="..\Extern\imgui\include\imstb_truetype.h">
      <Filter>Library Files\ImGui</Filter>
    </ClInclude>
    <ClInclude Include="..\Extern\imgui\include\backends\imgui_impl_win32.h">
      <Filter>Library Files\ImGui\backend</Filter>
    </ClInclude>
    <ClInclude Include="..\Extern\imgui\include\backends\imgui_impl_opengl3_loader.h">
      <Filter>Library Files\ImGui\backend</Filter>
    </ClInclude>
    <ClInclude Include="..\Extern\imgui\include\backends\imgui_impl_opengl3.h">
      <Filter>Library Files\ImGui\backend</Filter>
    </ClInclude>
    <ClInclude Include="Source\Editor\Editor.h">
      <Filter>Header Files\Editor</Filter>
    </ClInclude>
    <ClInclude Include="Source\Editor\EditorUtils.h">
      <Filter>Header Files\Editor</Filter>
    </ClInclude>
    <ClInclude Include="Source\Editor\ImGuiHelper.h">
      <Filter>Header Files\Editor</Filter>
    </ClInclude>
    <ClInclude Include="Source\Game\enemy\EnemyAttack.h">
      <Filter>Header Files\Game\enemy</Filter>
    </ClInclude>
    <ClInclude Include="Source\Game\enemy\EnemyBoss.h">
      <Filter>Header Files\Game\enemy</Filter>
    </ClInclude>
    <ClInclude Include="Source\Game\Time.h">
      <Filter>Header Files</Filter>
    </ClInclude>
    <ClInclude Include="Source\Game\BuffCards.h">
      <Filter>Header Files\Game</Filter>
    </ClInclude>
    <ClInclude Include="Source\Game\enemy\Enemy.h">
      <Filter>Header Files\Game\enemy</Filter>
    </ClInclude>
    <ClInclude Include="Source\Game\enemy\EnemyManager.h">
      <Filter>Header Files\Game\enemy</Filter>
    </ClInclude>
    <ClInclude Include="Source\Game\enemy\IDamageable.h">
      <Filter>Header Files\Game\enemy</Filter>
    </ClInclude>
  </ItemGroup>
</Project>